
Microsoft Visual Studio Solution File, Format Version 11.00
# Visual Studio 2010
Project("{FAE04EC0-301F-11D3-BF4B-00C04F79EFBC}") = "Assembly-CSharp", "Assembly-CSharp.csproj", "{1212BEF7-FE32-79E1-B25F-EB9D6A5788CE}"
EndProject
Project("{FAE04EC0-301F-11D3-BF4B-00C04F79EFBC}") = "Assembly-CSharp-Editor", "Assembly-CSharp-Editor.csproj", "{71CF5876-E825-C13F-1B4E-020810EBD999}"
EndProject
Global
	GlobalSection(SolutionConfigurationPlatforms) = preSolution
		Debug|Any CPU = Debug|Any CPU
		Release|Any CPU = Release|Any CPU
	EndGlobalSection
	GlobalSection(ProjectConfigurationPlatforms) = postSolution
		{1212BEF7-FE32-79E1-B25F-EB9D6A5788CE}.Debug|Any CPU.ActiveCfg = Debug|Any CPU
		{1212BEF7-FE32-79E1-B25F-EB9D6A5788CE}.Debug|Any CPU.Build.0 = Debug|Any CPU
		{1212BEF7-FE32-79E1-B25F-EB9D6A5788CE}.Release|Any CPU.ActiveCfg = Release|Any CPU
		{1212BEF7-FE32-79E1-B25F-EB9D6A5788CE}.Release|Any CPU.Build.0 = Release|Any CPU
		{71CF5876-E825-C13F-1B4E-020810EBD999}.Debug|Any CPU.ActiveCfg = Debug|Any CPU
		{71CF5876-E825-C13F-1B4E-020810EBD999}.Debug|Any CPU.Build.0 = Debug|Any CPU
		{71CF5876-E825-C13F-1B4E-020810EBD999}.Release|Any CPU.ActiveCfg = Release|Any CPU
		{71CF5876-E825-C13F-1B4E-020810EBD999}.Release|Any CPU.Build.0 = Release|Any CPU
	EndGlobalSection
	GlobalSection(SolutionProperties) = preSolution
		HideSolutionNode = FALSE
	EndGlobalSection
EndGlobal
